
Microsoft Visual Studio Solution File, Format Version 12.00
# Visual Studio Version 17
VisualStudioVersion = 17.3.32929.385
MinimumVisualStudioVersion = 10.0.40219.1
Project("{FAE04EC0-301F-11D3-BF4B-00C04F79EFBC}") = "PurchaseAlcohol.Android", "PurchaseAlcohol\PurchaseAlcohol.Android\PurchaseAlcohol.Android.csproj", "{BF6A0467-BEFB-42A2-9695-FEA9E7DB9F5E}"
EndProject
Project("{FAE04EC0-301F-11D3-BF4B-00C04F79EFBC}") = "PurchaseAlcohol.iOS", "PurchaseAlcohol\PurchaseAlcohol.iOS\PurchaseAlcohol.iOS.csproj", "{1A2596DA-8B33-4BFC-85CF-E26410EF2958}"
EndProject
Project("{FAE04EC0-301F-11D3-BF4B-00C04F79EFBC}") = "PurchaseAlcohol", "PurchaseAlcohol\PurchaseAlcohol\PurchaseAlcohol.csproj", "{6E930442-312E-4877-B7D7-24F26008710E}"
EndProject
Global
	GlobalSection(SolutionConfigurationPlatforms) = preSolution
		Debug|Any CPU = Debug|Any CPU
		Debug|iPhone = Debug|iPhone
		Debug|iPhoneSimulator = Debug|iPhoneSimulator
		Release|Any CPU = Release|Any CPU
		Release|iPhone = Release|iPhone
		Release|iPhoneSimulator = Release|iPhoneSimulator
	EndGlobalSection
	GlobalSection(ProjectConfigurationPlatforms) = postSolution
		{BF6A0467-BEFB-42A2-9695-FEA9E7DB9F5E}.Debug|Any CPU.ActiveCfg = Debug|Any CPU
		{BF6A0467-BEFB-42A2-9695-FEA9E7DB9F5E}.Debug|Any CPU.Build.0 = Debug|Any CPU
		{BF6A0467-BEFB-42A2-9695-FEA9E7DB9F5E}.Debug|Any CPU.Deploy.0 = Debug|Any CPU
		{BF6A0467-BEFB-42A2-9695-FEA9E7DB9F5E}.Debug|iPhone.ActiveCfg = Debug|Any CPU
		{BF6A0467-BEFB-42A2-9695-FEA9E7DB9F5E}.Debug|iPhone.Build.0 = Debug|Any CPU
		{BF6A0467-BEFB-42A2-9695-FEA9E7DB9F5E}.Debug|iPhone.Deploy.0 = Debug|Any CPU
		{BF6A0467-BEFB-42A2-9695-FEA9E7DB9F5E}.Debug|iPhoneSimulator.ActiveCfg = Debug|Any CPU
		{BF6A0467-BEFB-42A2-9695-FEA9E7DB9F5E}.Debug|iPhoneSimulator.Build.0 = Debug|Any CPU
		{BF6A0467-BEFB-42A2-9695-FEA9E7DB9F5E}.Debug|iPhoneSimulator.Deploy.0 = Debug|Any CPU
		{BF6A0467-BEFB-42A2-9695-FEA9E7DB9F5E}.Release|Any CPU.ActiveCfg = Release|Any CPU
		{BF6A0467-BEFB-42A2-9695-FEA9E7DB9F5E}.Release|Any CPU.Build.0 = Release|Any CPU
		{BF6A0467-BEFB-42A2-9695-FEA9E7DB9F5E}.Release|Any CPU.Deploy.0 = Release|Any CPU
		{BF6A0467-BEFB-42A2-9695-FEA9E7DB9F5E}.Release|iPhone.ActiveCfg = Release|Any CPU
		{BF6A0467-BEFB-42A2-9695-FEA9E7DB9F5E}.Release|iPhone.Build.0 = Release|Any CPU
		{BF6A0467-BEFB-42A2-9695-FEA9E7DB9F5E}.Release|iPhone.Deploy.0 = Release|Any CPU
		{BF6A0467-BEFB-42A2-9695-FEA9E7DB9F5E}.Release|iPhoneSimulator.ActiveCfg = Release|Any CPU
		{BF6A0467-BEFB-42A2-9695-FEA9E7DB9F5E}.Release|iPhoneSimulator.Build.0 = Release|Any CPU
		{BF6A0467-BEFB-42A2-9695-FEA9E7DB9F5E}.Release|iPhoneSimulator.Deploy.0 = Release|Any CPU
		{1A2596DA-8B33-4BFC-85CF-E26410EF2958}.Debug|Any CPU.ActiveCfg = Debug|iPhone
		{1A2596DA-8B33-4BFC-85CF-E26410EF2958}.Debug|Any CPU.Build.0 = Debug|iPhone
		{1A2596DA-8B33-4BFC-85CF-E26410EF2958}.Debug|Any CPU.Deploy.0 = Debug|iPhone
		{1A2596DA-8B33-4BFC-85CF-E26410EF2958}.Debug|iPhone.ActiveCfg = Debug|iPhone
		{1A2596DA-8B33-4BFC-85CF-E26410EF2958}.Debug|iPhone.Build.0 = Debug|iPhone
		{1A2596DA-8B33-4BFC-85CF-E26410EF2958}.Debug|iPhone.Deploy.0 = Debug|iPhone
		{1A2596DA-8B33-4BFC-85CF-E26410EF2958}.Debug|iPhoneSimulator.ActiveCfg = Debug|iPhoneSimulator
		{1A2596DA-8B33-4BFC-85CF-E26410EF2958}.Debug|iPhoneSimulator.Build.0 = Debug|iPhoneSimulator
		{1A2596DA-8B33-4BFC-85CF-E26410EF2958}.Debug|iPhoneSimulator.Deploy.0 = Debug|iPhoneSimulator
		{1A2596DA-8B33-4BFC-85CF-E26410EF2958}.Release|Any CPU.ActiveCfg = Release|iPhoneSimulator
		{1A2596DA-8B33-4BFC-85CF-E26410EF2958}.Release|Any CPU.Build.0 = Release|iPhoneSimulator
		{1A2596DA-8B33-4BFC-85CF-E26410EF2958}.Release|Any CPU.Deploy.0 = Release|iPhoneSimulator
		{1A2596DA-8B33-4BFC-85CF-E26410EF2958}.Release|iPhone.ActiveCfg = Release|iPhone
		{1A2596DA-8B33-4BFC-85CF-E26410EF2958}.Release|iPhone.Build.0 = Release|iPhone
		{1A2596DA-8B33-4BFC-85CF-E26410EF2958}.Release|iPhone.Deploy.0 = Release|iPhone
		{1A2596DA-8B33-4BFC-85CF-E26410EF2958}.Release|iPhoneSimulator.ActiveCfg = Release|iPhoneSimulator
		{1A2596DA-8B33-4BFC-85CF-E26410EF2958}.Release|iPhoneSimulator.Build.0 = Release|iPhoneSimulator
		{1A2596DA-8B33-4BFC-85CF-E26410EF2958}.Release|iPhoneSimulator.Deploy.0 = Release|iPhoneSimulator
		{6E930442-312E-4877-B7D7-24F26008710E}.Debug|Any CPU.ActiveCfg = Debug|Any CPU
		{6E930442-312E-4877-B7D7-24F26008710E}.Debug|Any CPU.Build.0 = Debug|Any CPU
		{6E930442-312E-4877-B7D7-24F26008710E}.Debug|Any CPU.Deploy.0 = Debug|Any CPU
		{6E930442-312E-4877-B7D7-24F26008710E}.Debug|iPhone.ActiveCfg = Debug|Any CPU
		{6E930442-312E-4877-B7D7-24F26008710E}.Debug|iPhone.Build.0 = Debug|Any CPU
		{6E930442-312E-4877-B7D7-24F26008710E}.Debug|iPhone.Deploy.0 = Debug|Any CPU
		{6E930442-312E-4877-B7D7-24F26008710E}.Debug|iPhoneSimulator.ActiveCfg = Debug|Any CPU
		{6E930442-312E-4877-B7D7-24F26008710E}.Debug|iPhoneSimulator.Build.0 = Debug|Any CPU
		{6E930442-312E-4877-B7D7-24F26008710E}.Debug|iPhoneSimulator.Deploy.0 = Debug|Any CPU
		{6E930442-312E-4877-B7D7-24F26008710E}.Release|Any CPU.ActiveCfg = Release|Any CPU
		{6E930442-312E-4877-B7D7-24F26008710E}.Release|Any CPU.Build.0 = Release|Any CPU
		{6E930442-312E-4877-B7D7-24F26008710E}.Release|Any CPU.Deploy.0 = Release|Any CPU
		{6E930442-312E-4877-B7D7-24F26008710E}.Release|iPhone.ActiveCfg = Release|Any CPU
		{6E930442-312E-4877-B7D7-24F26008710E}.Release|iPhone.Build.0 = Release|Any CPU
		{6E930442-312E-4877-B7D7-24F26008710E}.Release|iPhone.Deploy.0 = Release|Any CPU
		{6E930442-312E-4877-B7D7-24F26008710E}.Release|iPhoneSimulator.ActiveCfg = Release|Any CPU
		{6E930442-312E-4877-B7D7-24F26008710E}.Release|iPhoneSimulator.Build.0 = Release|Any CPU
		{6E930442-312E-4877-B7D7-24F26008710E}.Release|iPhoneSimulator.Deploy.0 = Release|Any CPU
	EndGlobalSection
	GlobalSection(SolutionProperties) = preSolution
		HideSolutionNode = FALSE
	EndGlobalSection
	GlobalSection(ExtensibilityGlobals) = postSolution
		SolutionGuid = {9EAACE75-1108-4519-9128-A2B27044DA10}
	EndGlobalSection
EndGlobal
